# This file is automatically @generated by Poetry 1.4.2 and should not be changed by hand.

[[package]]
name = "anyio"
version = "3.6.2"
description = "High level compatibility layer for multiple asynchronous event loop implementations"
category = "main"
optional = false
python-versions = ">=3.6.2"
files = [
    {file = "anyio-3.6.2-py3-none-any.whl", hash = "sha256:fbbe32bd270d2a2ef3ed1c5d45041250284e31fc0a4df4a5a6071842051a51e3"},
    {file = "anyio-3.6.2.tar.gz", hash = "sha256:25ea0d673ae30af41a0c442f81cf3b38c7e79fdc7b60335a4c14e05eb0947421"},
]

[package.dependencies]
idna = ">=2.8"
sniffio = ">=1.1"

[package.extras]
doc = ["packaging", "sphinx-autodoc-typehints (>=1.2.0)", "sphinx-rtd-theme"]
test = ["contextlib2", "coverage[toml] (>=4.5)", "hypothesis (>=4.0)", "mock (>=4)", "pytest (>=7.0)", "pytest-mock (>=3.6.1)", "trustme", "uvloop (<0.15)", "uvloop (>=0.15)"]
trio = ["trio (>=0.16,<0.22)"]

[[package]]
name = "certifi"
version = "2022.12.7"
description = "Python package for providing Mozilla's CA Bundle."
category = "main"
optional = false
python-versions = ">=3.6"
files = [
    {file = "certifi-2022.12.7-py3-none-any.whl", hash = "sha256:4ad3232f5e926d6718ec31cfc1fcadfde020920e278684144551c91769c7bc18"},
    {file = "certifi-2022.12.7.tar.gz", hash = "sha256:35824b4c3a97115964b408844d64aa14db1cc518f6562e8d7261699d1350a9e3"},
]

[[package]]
name = "h11"
version = "0.14.0"
description = "A pure-Python, bring-your-own-I/O implementation of HTTP/1.1"
category = "main"
optional = false
python-versions = ">=3.7"
files = [
    {file = "h11-0.14.0-py3-none-any.whl", hash = "sha256:e3fe4ac4b851c468cc8363d500db52c2ead036020723024a109d37346efaa761"},
    {file = "h11-0.14.0.tar.gz", hash = "sha256:8f19fbbe99e72420ff35c00b27a34cb9937e902a8b810e2c88300c6f0a3b699d"},
]

[[package]]
name = "httpcore"
version = "0.17.0"
description = "A minimal low-level HTTP client."
category = "main"
optional = false
python-versions = ">=3.7"
files = [
    {file = "httpcore-0.17.0-py3-none-any.whl", hash = "sha256:0fdfea45e94f0c9fd96eab9286077f9ff788dd186635ae61b312693e4d943599"},
    {file = "httpcore-0.17.0.tar.gz", hash = "sha256:cc045a3241afbf60ce056202301b4d8b6af08845e3294055eb26b09913ef903c"},
]

[package.dependencies]
anyio = ">=3.0,<5.0"
certifi = "*"
h11 = ">=0.13,<0.15"
sniffio = ">=1.0.0,<2.0.0"

[package.extras]
http2 = ["h2 (>=3,<5)"]
socks = ["socksio (>=1.0.0,<2.0.0)"]

[[package]]
name = "httpx"
version = "0.24.0"
description = "The next generation HTTP client."
category = "main"
optional = false
python-versions = ">=3.7"
files = [
    {file = "httpx-0.24.0-py3-none-any.whl", hash = "sha256:447556b50c1921c351ea54b4fe79d91b724ed2b027462ab9a329465d147d5a4e"},
    {file = "httpx-0.24.0.tar.gz", hash = "sha256:507d676fc3e26110d41df7d35ebd8b3b8585052450f4097401c9be59d928c63e"},
]

[package.dependencies]
certifi = "*"
httpcore = ">=0.15.0,<0.18.0"
idna = "*"
sniffio = "*"

[package.extras]
brotli = ["brotli", "brotlicffi"]
cli = ["click (>=8.0.0,<9.0.0)", "pygments (>=2.0.0,<3.0.0)", "rich (>=10,<14)"]
http2 = ["h2 (>=3,<5)"]
socks = ["socksio (>=1.0.0,<2.0.0)"]

[[package]]
name = "idna"
version = "3.4"
description = "Internationalized Domain Names in Applications (IDNA)"
category = "main"
optional = false
python-versions = ">=3.5"
files = [
    {file = "idna-3.4-py3-none-any.whl", hash = "sha256:90b77e79eaa3eba6de819a0c442c0b4ceefc341a7a2ab77d7562bf49f425c5c2"},
    {file = "idna-3.4.tar.gz", hash = "sha256:814f528e8dead7d329833b91c5faa87d60bf71824cd12a7530b5526063d02cb4"},
]

[[package]]
name = "jsonrpcclient"
version = "4.0.3"
description = "Send JSON-RPC requests"
category = "main"
optional = false
python-versions = ">=3.6"
files = [
    {file = "jsonrpcclient-4.0.3-py3-none-any.whl", hash = "sha256:3cbb9e27e1be29821becf135ea183144a836215422727e1ffe5056a49a670f0d"},
]

[package.extras]
qa = ["pytest", "pytest-cov", "tox"]

[[package]]
name = "nh3"
version = "0.2.11"
description = "Ammonia HTML sanitizer Python binding"
category = "main"
optional = false
python-versions = "*"
files = [
    {file = "nh3-0.2.11-cp37-abi3-macosx_10_7_x86_64.whl", hash = "sha256:dec7807f3a5661678c8694475a477657323d43e69829193593e58d66ed1be0bb"},
    {file = "nh3-0.2.11-cp37-abi3-macosx_10_9_x86_64.macosx_11_0_arm64.macosx_10_9_universal2.whl", hash = "sha256:69073d7dd59e5e7a6dd2ae4e2b32846e8ab493afb0510d45e5d3935188dafa6f"},
    {file = "nh3-0.2.11-cp37-abi3-manylinux_2_17_aarch64.manylinux2014_aarch64.whl", hash = "sha256:2e57b4be56a4551aa79b7c1ebfb381468c1014d29dcff65bf329504786ba062b"},
    {file = "nh3-0.2.11-cp37-abi3-manylinux_2_17_armv7l.manylinux2014_armv7l.whl", hash = "sha256:e885b4504ac9c17582556a3c5a33b9289bd71d75e70887b3c70125cdd60c638e"},
    {file = "nh3-0.2.11-cp37-abi3-manylinux_2_17_ppc64.manylinux2014_ppc64.whl", hash = "sha256:46798bced886ff382bdb2e6de2a52cc487d4c49ac058ae0701a2bf9e62155859"},
    {file = "nh3-0.2.11-cp37-abi3-manylinux_2_17_ppc64le.manylinux2014_ppc64le.whl", hash = "sha256:c5b8f5f7e126415873ca8d38e7c1be7369ec543d6d97ec89263495b24b95a30a"},
    {file = "nh3-0.2.11-cp37-abi3-manylinux_2_17_s390x.manylinux2014_s390x.whl", hash = "sha256:9d396fc3438fb41871be44fbf12307ef3955b7ed7c82a87fccd325daf4122c31"},
    {file = "nh3-0.2.11-cp37-abi3-manylinux_2_17_x86_64.manylinux2014_x86_64.whl", hash = "sha256:37c3b5788bb5035627547c27c6090f76f5157f6d79f13117241fe62cbed6f5eb"},
    {file = "nh3-0.2.11-cp37-abi3-manylinux_2_5_i686.manylinux1_i686.whl", hash = "sha256:bff3b85abc0b34793190bc275bf52c496ee3d1710dc2388aaf8feadb63551af5"},
    {file = "nh3-0.2.11-cp37-abi3-musllinux_1_2_aarch64.whl", hash = "sha256:5ce060ed5ee7783d2774c1939ac6285e3bce967598d8575042ba57fd7beded5e"},
    {file = "nh3-0.2.11-cp37-abi3-musllinux_1_2_armv7l.whl", hash = "sha256:38321feba65a840714df332f5c6266a72ed50af2fbd5c03bf57d429acea2c07f"},
    {file = "nh3-0.2.11-cp37-abi3-musllinux_1_2_i686.whl", hash = "sha256:0773f08a9cb41aafa458ec5b45195b476fd4eff50aec6162c1ea368ca9bd07d1"},
    {file = "nh3-0.2.11-cp37-abi3-musllinux_1_2_x86_64.whl", hash = "sha256:864bd3a69a64e273983bd54f3eb4e232fdc30526be08691d070b518d650854ea"},
    {file = "nh3-0.2.11-cp37-abi3-win32.whl", hash = "sha256:b6f40f836ecfa74f831d0c38c6ad62975d71c73fc00542f53a9df405186698fc"},
    {file = "nh3-0.2.11-cp37-abi3-win_amd64.whl", hash = "sha256:0109585b316979073ab67d8ee951c976758216a75b9b43f3a6929db54c2cb1c3"},
    {file = "nh3-0.2.11.tar.gz", hash = "sha256:3ed2624ca0a1cec3128e8f915e9954dbf6d0e71e76b29813c699fb2d46d01b8f"},
]

[[package]]
name = "sniffio"
version = "1.3.0"
description = "Sniff out which async library your code is running under"
category = "main"
optional = false
python-versions = ">=3.7"
files = [
    {file = "sniffio-1.3.0-py3-none-any.whl", hash = "sha256:eecefdce1e5bbfb7ad2eeaabf7c1eeb404d7757c379bd1f7e5cce9d8bf425384"},
    {file = "sniffio-1.3.0.tar.gz", hash = "sha256:e60305c5e5d314f5389259b7f22aaa33d8f7dee49763119234af3755c55b9101"},
]

[metadata]
lock-version = "2.0"
python-versions = "^3.11"
content-hash = "01aacc13ac2b70f1691c9b1f49113eb674ef7ae97359be27e76329772355eb5b"
